
Microsoft Visual Studio Solution File, Format Version 12.00
# Visual Studio Version 17
VisualStudioVersion = 17.10.34916.146
MinimumVisualStudioVersion = 10.0.40219.1
Project("{FAE04EC0-301F-11D3-BF4B-00C04F79EFBC}") = "SeaStrikeServer", "SeaStrikeServer\SeaStrikeServer.csproj", "{94D9F3A9-58F4-4DBE-86C7-A4D92AE8ADC6}"
EndProject
Global
	GlobalSection(SolutionConfigurationPlatforms) = preSolution
		Debug|Any CPU = Debug|Any CPU
		Release|Any CPU = Release|Any CPU
	EndGlobalSection
	GlobalSection(ProjectConfigurationPlatforms) = postSolution
		{94D9F3A9-58F4-4DBE-86C7-A4D92AE8ADC6}.Debug|Any CPU.ActiveCfg = Debug|Any CPU
		{94D9F3A9-58F4-4DBE-86C7-A4D92AE8ADC6}.Debug|Any CPU.Build.0 = Debug|Any CPU
		{94D9F3A9-58F4-4DBE-86C7-A4D92AE8ADC6}.Release|Any CPU.ActiveCfg = Release|Any CPU
		{94D9F3A9-58F4-4DBE-86C7-A4D92AE8ADC6}.Release|Any CPU.Build.0 = Release|Any CPU
	EndGlobalSection
	GlobalSection(SolutionProperties) = preSolution
		HideSolutionNode = FALSE
	EndGlobalSection
	GlobalSection(ExtensibilityGlobals) = postSolution
		SolutionGuid = {22E42EB3-1058-4357-9561-D7A6BC41639B}
	EndGlobalSection
EndGlobal
